
Microsoft Visual Studio Solution File, Format Version 12.00
# Visual Studio Version 17
VisualStudioVersion = 17.9.34723.18
MinimumVisualStudioVersion = 10.0.40219.1
Project("{9A19103F-16F7-4668-BE54-9A1E7A4F7556}") = "BooksAPI", "BooksAPI.csproj", "{55E0EDAF-D575-4C21-87EB-5AE9EA1BF17E}"
EndProject
Project("{2150E333-8FDC-42A3-9474-1A3956D46DE8}") = "Persistence", "Persistence", "{850E5829-FDF3-4D00-BAF2-D10DF1192AC3}"
EndProject
Project("{FAE04EC0-301F-11D3-BF4B-00C04F79EFBC}") = "Persistence", "..\Persistence\Persistence.csproj", "{7CD0164E-7C1D-4DCE-82DB-2B88FBA713DD}"
EndProject
Project("{2150E333-8FDC-42A3-9474-1A3956D46DE8}") = "Domain", "Domain", "{B8FFC451-B475-4AAA-8314-49694C196745}"
EndProject
Project("{FAE04EC0-301F-11D3-BF4B-00C04F79EFBC}") = "Domain", "..\Domain\Domain.csproj", "{CAECF832-6DD9-4ADC-9556-6BD455700125}"
EndProject
Global
	GlobalSection(SolutionConfigurationPlatforms) = preSolution
		Debug|Any CPU = Debug|Any CPU
		Release|Any CPU = Release|Any CPU
	EndGlobalSection
	GlobalSection(ProjectConfigurationPlatforms) = postSolution
		{55E0EDAF-D575-4C21-87EB-5AE9EA1BF17E}.Debug|Any CPU.ActiveCfg = Debug|Any CPU
		{55E0EDAF-D575-4C21-87EB-5AE9EA1BF17E}.Debug|Any CPU.Build.0 = Debug|Any CPU
		{55E0EDAF-D575-4C21-87EB-5AE9EA1BF17E}.Release|Any CPU.ActiveCfg = Release|Any CPU
		{55E0EDAF-D575-4C21-87EB-5AE9EA1BF17E}.Release|Any CPU.Build.0 = Release|Any CPU
		{7CD0164E-7C1D-4DCE-82DB-2B88FBA713DD}.Debug|Any CPU.ActiveCfg = Debug|Any CPU
		{7CD0164E-7C1D-4DCE-82DB-2B88FBA713DD}.Debug|Any CPU.Build.0 = Debug|Any CPU
		{7CD0164E-7C1D-4DCE-82DB-2B88FBA713DD}.Release|Any CPU.ActiveCfg = Release|Any CPU
		{7CD0164E-7C1D-4DCE-82DB-2B88FBA713DD}.Release|Any CPU.Build.0 = Release|Any CPU
		{CAECF832-6DD9-4ADC-9556-6BD455700125}.Debug|Any CPU.ActiveCfg = Debug|Any CPU
		{CAECF832-6DD9-4ADC-9556-6BD455700125}.Debug|Any CPU.Build.0 = Debug|Any CPU
		{CAECF832-6DD9-4ADC-9556-6BD455700125}.Release|Any CPU.ActiveCfg = Release|Any CPU
		{CAECF832-6DD9-4ADC-9556-6BD455700125}.Release|Any CPU.Build.0 = Release|Any CPU
	EndGlobalSection
	GlobalSection(SolutionProperties) = preSolution
		HideSolutionNode = FALSE
	EndGlobalSection
	GlobalSection(NestedProjects) = preSolution
		{7CD0164E-7C1D-4DCE-82DB-2B88FBA713DD} = {850E5829-FDF3-4D00-BAF2-D10DF1192AC3}
		{CAECF832-6DD9-4ADC-9556-6BD455700125} = {B8FFC451-B475-4AAA-8314-49694C196745}
	EndGlobalSection
	GlobalSection(ExtensibilityGlobals) = postSolution
		SolutionGuid = {4492959C-8C6B-44F7-931F-ACF36354833C}
	EndGlobalSection
EndGlobal
